
Microsoft Visual Studio Solution File, Format Version 12.00
# Visual Studio 15
VisualStudioVersion = 15.0.28307.902
MinimumVisualStudioVersion = 10.0.40219.1
Project("{8BC9CEB8-8B4A-11D0-8D11-00A0C91BC942}") = "CQRobot", "CQRobot\CQRobot.vcxproj", "{F991664D-6D5A-41EE-819C-5EB7BBA901F7}"
EndProject
Project("{2150E333-8FDC-42A3-9474-1A3956D46DE8}") = "Solution Items", "Solution Items", "{2F2B6F12-7C76-4FF5-9459-DB93940E9566}"
	ProjectSection(SolutionItems) = preProject
		README.md = README.md
	EndProjectSection
EndProject
Global
	GlobalSection(SolutionConfigurationPlatforms) = preSolution
		Debug|x64 = Debug|x64
		Debug|x86 = Debug|x86
		Release|x64 = Release|x64
		Release|x86 = Release|x86
	EndGlobalSection
	GlobalSection(ProjectConfigurationPlatforms) = postSolution
		{F991664D-6D5A-41EE-819C-5EB7BBA901F7}.Debug|x64.ActiveCfg = Debug|x64
		{F991664D-6D5A-41EE-819C-5EB7BBA901F7}.Debug|x64.Build.0 = Debug|x64
		{F991664D-6D5A-41EE-819C-5EB7BBA901F7}.Debug|x86.ActiveCfg = Debug|Win32
		{F991664D-6D5A-41EE-819C-5EB7BBA901F7}.Debug|x86.Build.0 = Debug|Win32
		{F991664D-6D5A-41EE-819C-5EB7BBA901F7}.Release|x64.ActiveCfg = Release|x64
		{F991664D-6D5A-41EE-819C-5EB7BBA901F7}.Release|x64.Build.0 = Release|x64
		{F991664D-6D5A-41EE-819C-5EB7BBA901F7}.Release|x86.ActiveCfg = Release|Win32
		{F991664D-6D5A-41EE-819C-5EB7BBA901F7}.Release|x86.Build.0 = Release|Win32
	EndGlobalSection
	GlobalSection(SolutionProperties) = preSolution
		HideSolutionNode = FALSE
	EndGlobalSection
	GlobalSection(ExtensibilityGlobals) = postSolution
		SolutionGuid = {6B4383C6-7B34-4FA6-856A-6C65752FB828}
	EndGlobalSection
EndGlobal
